{
  "name": "progression_frontend",
  "lockfileVersion": 2,
  "requires": true,
  "packages": {
    "": {
      "dependencies": {
        "togetherjs": "^0.0.1"
      }
    },
    "node_modules/togetherjs": {
      "version": "0.0.1",
      "resolved": "https://registry.npmjs.org/togetherjs/-/togetherjs-0.0.1.tgz",
      "integrity": "sha512-LiGP//9QNpWaTw9imSPELoqTHcWd4CmaQDpHmFBHWB4S65zlhXVG5wwpFjBQzkeGhjRMg6+LgRU5jQIctNtEww=="
    }
  },
  "dependencies": {
    "togetherjs": {
      "version": "0.0.1",
      "resolved": "https://registry.npmjs.org/togetherjs/-/togetherjs-0.0.1.tgz",
      "integrity": "sha512-LiGP//9QNpWaTw9imSPELoqTHcWd4CmaQDpHmFBHWB4S65zlhXVG5wwpFjBQzkeGhjRMg6+LgRU5jQIctNtEww=="
    }
  }
}
